{
  "nodes": {
    "conduit": {
      "flake": false,
      "locked": {
        "lastModified": 1656194389,
        "narHash": "sha256-UQpMM4GDNcRKaYime1VyzyeTiAwvFDn79So1XibdD7U=",
        "owner": "famedly",
        "repo": "conduit",
        "rev": "0b926c2a31deff57a3526dd75d8c08775b02241a",
        "type": "gitlab"
      },
      "original": {
        "owner": "famedly",
        "repo": "conduit",
        "type": "gitlab"
      }
    },
    "crate2nix": {
      "flake": false,
      "locked": {
        "lastModified": 1659980555,
        "narHash": "sha256-4H6gI49DEN1/Jn0aAgy44A98XH9tExRBWwXnIyGVZic=",
        "owner": "kolloch",
        "repo": "crate2nix",
        "rev": "64a3474fcf5d0f6f081b95a6a775ef2b09c9d372",
        "type": "github"
      },
      "original": {
        "owner": "kolloch",
        "repo": "crate2nix",
        "type": "github"
      }
    },
    "flake-compat": {
      "flake": false,
      "locked": {
        "lastModified": 1650374568,
        "narHash": "sha256-Z+s0J8/r907g149rllvwhb4pKi8Wam5ij0st8PwAh+E=",
        "owner": "edolstra",
        "repo": "flake-compat",
        "rev": "b4a34015c698c7793d592d66adbab377907a2be8",
        "type": "github"
      },
      "original": {
        "owner": "edolstra",
        "repo": "flake-compat",
        "type": "github"
      }
    },
    "flake-utils": {
      "locked": {
        "lastModified": 1659877975,
        "narHash": "sha256-zllb8aq3YO3h8B/U0/J1WBgAL8EX5yWf5pMj3G0NAmc=",
        "owner": "numtide",
        "repo": "flake-utils",
        "rev": "c0e246b9b83f637f4681389ecabcb2681b4f3af0",
        "type": "github"
      },
      "original": {
        "owner": "numtide",
        "repo": "flake-utils",
        "type": "github"
      }
    },
    "nixpkgs": {
      "locked": {
        "lastModified": 1660305968,
        "narHash": "sha256-r0X1pZCSEA6mzt5OuTA7nHuLmvnbkwgpFAh1iLIx4GU=",
        "owner": "nixos",
        "repo": "nixpkgs",
        "rev": "c4a0efdd5a728e20791b8d8d2f26f90ac228ee8d",
        "type": "github"
      },
      "original": {
        "owner": "nixos",
        "ref": "nixos-unstable",
        "repo": "nixpkgs",
        "type": "github"
      }
    },
    "root": {
      "inputs": {
        "conduit": "conduit",
        "crate2nix": "crate2nix",
        "flake-compat": "flake-compat",
        "flake-utils": "flake-utils",
        "nixpkgs": "nixpkgs",
        "rust-overlay": "rust-overlay"
      }
    },
    "rust-overlay": {
      "inputs": {
        "flake-utils": [
          "flake-utils"
        ],
        "nixpkgs": [
          "nixpkgs"
        ]
      },
      "locked": {
        "lastModified": 1660358625,
        "narHash": "sha256-uv+ZtOAEeM5tw78CLdRQmbZyDZYc0piSflthG2kNnrc=",
        "owner": "oxalica",
        "repo": "rust-overlay",
        "rev": "18354cce8137aaef0d505d6f677e9bbdd542020d",
        "type": "github"
      },
      "original": {
        "owner": "oxalica",
        "repo": "rust-overlay",
        "type": "github"
      }
    }
  },
  "root": "root",
  "version": 7
}
