{
  "nodes": {
    "conduit": {
      "flake": false,
      "locked": {
        "lastModified": 1688505505,
        "narHash": "sha256-0jhCT+C/PqkEh2766v04NEJLxnKZdZW2NNQdJ9C+Vp4=",
        "owner": "famedly",
        "repo": "conduit",
        "rev": "eab5dac6e82b6bf54f017b5d127d0eb257033c08",
        "type": "gitlab"
      },
      "original": {
        "owner": "famedly",
        "repo": "conduit",
        "type": "gitlab"
      }
    },
    "crate2nix": {
      "flake": false,
      "locked": {
        "lastModified": 1681086579,
        "narHash": "sha256-MEcdG7EXkFsmrTo1/X5tq7UDFY6enHdl65k0wbTCuD0=",
        "owner": "kolloch",
        "repo": "crate2nix",
        "rev": "1b042dab3928aaa37421a83d4e1023e7a79527e2",
        "type": "github"
      },
      "original": {
        "owner": "kolloch",
        "repo": "crate2nix",
        "type": "github"
      }
    },
    "flake-compat": {
      "flake": false,
      "locked": {
        "lastModified": 1673956053,
        "narHash": "sha256-4gtG9iQuiKITOjNQQeQIpoIB6b16fm+504Ch3sNKLd8=",
        "owner": "edolstra",
        "repo": "flake-compat",
        "rev": "35bb57c0c8d8b62bbfd284272c928ceb64ddbde9",
        "type": "github"
      },
      "original": {
        "owner": "edolstra",
        "repo": "flake-compat",
        "type": "github"
      }
    },
    "flake-utils": {
      "inputs": {
        "systems": "systems"
      },
      "locked": {
        "lastModified": 1687709756,
        "narHash": "sha256-Y5wKlQSkgEK2weWdOu4J3riRd+kV/VCgHsqLNTTWQ/0=",
        "owner": "numtide",
        "repo": "flake-utils",
        "rev": "dbabf0ca0c0c4bce6ea5eaf65af5cb694d2082c7",
        "type": "github"
      },
      "original": {
        "owner": "numtide",
        "repo": "flake-utils",
        "type": "github"
      }
    },
    "nixpkgs": {
      "locked": {
        "lastModified": 1688679045,
        "narHash": "sha256-t3xGEfYIwhaLTPU8FLtN/pLPytNeDwbLI6a7XFFBlGo=",
        "owner": "nixos",
        "repo": "nixpkgs",
        "rev": "3c7487575d9445185249a159046cc02ff364bff8",
        "type": "github"
      },
      "original": {
        "owner": "nixos",
        "ref": "nixos-unstable",
        "repo": "nixpkgs",
        "type": "github"
      }
    },
    "root": {
      "inputs": {
        "conduit": "conduit",
        "crate2nix": "crate2nix",
        "flake-compat": "flake-compat",
        "flake-utils": "flake-utils",
        "nixpkgs": "nixpkgs",
        "rust-overlay": "rust-overlay"
      }
    },
    "rust-overlay": {
      "inputs": {
        "flake-utils": [
          "flake-utils"
        ],
        "nixpkgs": [
          "nixpkgs"
        ]
      },
      "locked": {
        "lastModified": 1688783586,
        "narHash": "sha256-HHaM2hk2azslv1kH8zmQxXo2e7i5cKgzNIuK4yftzB0=",
        "owner": "oxalica",
        "repo": "rust-overlay",
        "rev": "7a29283cc242c2486fc67f60b431ef708046d176",
        "type": "github"
      },
      "original": {
        "owner": "oxalica",
        "repo": "rust-overlay",
        "type": "github"
      }
    },
    "systems": {
      "locked": {
        "lastModified": 1681028828,
        "narHash": "sha256-Vy1rq5AaRuLzOxct8nz4T6wlgyUR7zLU309k9mBC768=",
        "owner": "nix-systems",
        "repo": "default",
        "rev": "da67096a3b9bf56a91d16901293e51ba5b49a27e",
        "type": "github"
      },
      "original": {
        "owner": "nix-systems",
        "repo": "default",
        "type": "github"
      }
    }
  },
  "root": "root",
  "version": 7
}
